
Microsoft Visual Studio Solution File, Format Version 12.00
# Visual Studio Version 16
VisualStudioVersion = 16.0.29613.14
MinimumVisualStudioVersion = 10.0.40219.1
Project("{FAE04EC0-301F-11D3-BF4B-00C04F79EFBC}") = "OdeToFood.Data", "..\OdeToFood.Data\OdeToFood.Data.csproj", "{9AB1F841-5978-4104-A02E-7D3ABA8484E0}"
EndProject
Project("{FAE04EC0-301F-11D3-BF4B-00C04F79EFBC}") = "OdeToFood.Web", "..\OdeToFood.Web\OdeToFood.Web.csproj", "{96DC383F-DD60-423C-9E1E-4A67F60263C0}"
EndProject
Global
	GlobalSection(SolutionConfigurationPlatforms) = preSolution
		Debug|Any CPU = Debug|Any CPU
		Release|Any CPU = Release|Any CPU
	EndGlobalSection
	GlobalSection(ProjectConfigurationPlatforms) = postSolution
		{9AB1F841-5978-4104-A02E-7D3ABA8484E0}.Debug|Any CPU.ActiveCfg = Debug|Any CPU
		{9AB1F841-5978-4104-A02E-7D3ABA8484E0}.Debug|Any CPU.Build.0 = Debug|Any CPU
		{9AB1F841-5978-4104-A02E-7D3ABA8484E0}.Release|Any CPU.ActiveCfg = Release|Any CPU
		{9AB1F841-5978-4104-A02E-7D3ABA8484E0}.Release|Any CPU.Build.0 = Release|Any CPU
		{96DC383F-DD60-423C-9E1E-4A67F60263C0}.Debug|Any CPU.ActiveCfg = Debug|Any CPU
		{96DC383F-DD60-423C-9E1E-4A67F60263C0}.Debug|Any CPU.Build.0 = Debug|Any CPU
		{96DC383F-DD60-423C-9E1E-4A67F60263C0}.Release|Any CPU.ActiveCfg = Release|Any CPU
		{96DC383F-DD60-423C-9E1E-4A67F60263C0}.Release|Any CPU.Build.0 = Release|Any CPU
	EndGlobalSection
	GlobalSection(SolutionProperties) = preSolution
		HideSolutionNode = FALSE
	EndGlobalSection
	GlobalSection(ExtensibilityGlobals) = postSolution
		SolutionGuid = {0E8D4B2A-04C1-49FF-BAB3-4F99D49117B3}
	EndGlobalSection
EndGlobal
